
Microsoft Visual Studio Solution File, Format Version 12.00
# Visual Studio Version 17
VisualStudioVersion = 17.11.35222.181
MinimumVisualStudioVersion = 10.0.40219.1
Project("{9A19103F-16F7-4668-BE54-9A1E7A4F7556}") = "NutsonCivilPlugin", "NutsonCivilPlugin\NutsonCivilPlugin.csproj", "{5FC05FC7-7328-4586-98F1-F3EB2400CBB7}"
EndProject
Project("{9A19103F-16F7-4668-BE54-9A1E7A4F7556}") = "Shared", "..\Extentions\Shared.csproj", "{31EC4C28-68CE-41C9-9B06-5ED5678FC63E}"
EndProject
Project("{FAE04EC0-301F-11D3-BF4B-00C04F79EFBC}") = "Test", "Test\Test.csproj", "{FBD1C474-C32F-4370-8F5E-5AE18856ED19}"
EndProject
Global
	GlobalSection(SolutionConfigurationPlatforms) = preSolution
		Debug|Any CPU = Debug|Any CPU
		Release|Any CPU = Release|Any CPU
	EndGlobalSection
	GlobalSection(ProjectConfigurationPlatforms) = postSolution
		{5FC05FC7-7328-4586-98F1-F3EB2400CBB7}.Debug|Any CPU.ActiveCfg = Debug|Any CPU
		{5FC05FC7-7328-4586-98F1-F3EB2400CBB7}.Debug|Any CPU.Build.0 = Debug|Any CPU
		{5FC05FC7-7328-4586-98F1-F3EB2400CBB7}.Release|Any CPU.ActiveCfg = Release|Any CPU
		{5FC05FC7-7328-4586-98F1-F3EB2400CBB7}.Release|Any CPU.Build.0 = Release|Any CPU
		{31EC4C28-68CE-41C9-9B06-5ED5678FC63E}.Debug|Any CPU.ActiveCfg = Debug|Any CPU
		{31EC4C28-68CE-41C9-9B06-5ED5678FC63E}.Debug|Any CPU.Build.0 = Debug|Any CPU
		{31EC4C28-68CE-41C9-9B06-5ED5678FC63E}.Release|Any CPU.ActiveCfg = Release|Any CPU
		{31EC4C28-68CE-41C9-9B06-5ED5678FC63E}.Release|Any CPU.Build.0 = Release|Any CPU
		{FBD1C474-C32F-4370-8F5E-5AE18856ED19}.Debug|Any CPU.ActiveCfg = Debug|Any CPU
		{FBD1C474-C32F-4370-8F5E-5AE18856ED19}.Debug|Any CPU.Build.0 = Debug|Any CPU
		{FBD1C474-C32F-4370-8F5E-5AE18856ED19}.Release|Any CPU.ActiveCfg = Release|Any CPU
		{FBD1C474-C32F-4370-8F5E-5AE18856ED19}.Release|Any CPU.Build.0 = Release|Any CPU
	EndGlobalSection
	GlobalSection(SolutionProperties) = preSolution
		HideSolutionNode = FALSE
	EndGlobalSection
	GlobalSection(ExtensibilityGlobals) = postSolution
		SolutionGuid = {983AC1F6-851E-4771-BA45-199DE105CE2D}
	EndGlobalSection
EndGlobal
